<?xml version="1.0" encoding="utf-8"?>
<Project ToolsVersion="4.0" xmlns="http://schemas.microsoft.com/developer/msbuild/2003">
  <ItemGroup>
    <Filter Include="Include">
      <UniqueIdentifier>{53260628-9fef-404d-93e0-ab7745d68698}</UniqueIdentifier>
    </Filter>
    <Filter Include="Utilty">
      <UniqueIdentifier>{433e671e-4057-40d3-a7f4-2f6885091a92}</UniqueIdentifier>
    </Filter>
  </ItemGroup>
  <ItemGroup>
    <ClCompile Include="Source.cpp" />
    <ClCompile Include="Game.cpp" />
    <ClCompile Include="TextureManager.cpp" />
    <ClCompile Include="GameObject.cpp" />
  </ItemGroup>
  <ItemGroup>
    <ClInclude Include="Personal_inlcude\Utilty.h">
      <Filter>Utilty</Filter>
    </ClInclude>
    <ClInclude Include="Personal_inlcude\Game.h" />
    <ClInclude Include="Personal_inlcude\TextureManager.h" />
    <ClInclude Include="GameObject.h" />
  </ItemGroup>
</Project>