<?xml version="1.0" encoding="utf-8"?>
<Project ToolsVersion="4.0" xmlns="http://schemas.microsoft.com/developer/msbuild/2003">
  <ItemGroup>
    <Filter Include="Include">
      <UniqueIdentifier>{53260628-9fef-404d-93e0-ab7745d68698}</UniqueIdentifier>
    </Filter>
    <Filter Include="Scene">
      <UniqueIdentifier>{3d615c9d-950c-4a33-89c3-ec4c7cf9cf40}</UniqueIdentifier>
    </Filter>
    <Filter Include="DataTypes">
      <UniqueIdentifier>{59af144e-84ec-46f6-8a50-b17eda3c3bc9}</UniqueIdentifier>
    </Filter>
    <Filter Include="Util">
      <UniqueIdentifier>{dcd2da3a-195b-4ed3-949f-331d044c08a1}</UniqueIdentifier>
    </Filter>
    <Filter Include="Core">
      <UniqueIdentifier>{4c6b7857-fc00-4f91-b3ef-e73db89ea71d}</UniqueIdentifier>
    </Filter>
    <Filter Include="prefabs">
      <UniqueIdentifier>{ebdaa9de-e8d8-4d64-94a7-824224d4095a}</UniqueIdentifier>
    </Filter>
    <Filter Include="AssetManager">
      <UniqueIdentifier>{95152ff2-61d9-44c9-8dc7-72d4141ba322}</UniqueIdentifier>
    </Filter>
  </ItemGroup>
  <ItemGroup>
    <ClInclude Include="Personal_inlcude\entt.hpp">
      <Filter>Include</Filter>
    </ClInclude>
    <ClInclude Include="Scene.h">
      <Filter>Scene</Filter>
    </ClInclude>
    <ClInclude Include="Components.h">
      <Filter>Scene</Filter>
    </ClInclude>
    <ClInclude Include="DataTypes.h">
      <Filter>DataTypes</Filter>
    </ClInclude>
    <ClInclude Include="SDL_Checkh.h">
      <Filter>Util</Filter>
    </ClInclude>
    <ClInclude Include="Game.h">
      <Filter>Core</Filter>
    </ClInclude>
    <ClInclude Include="QuadWriter.h">
      <Filter>Util</Filter>
    </ClInclude>
    <ClInclude Include="Prefab.h">
      <Filter>prefabs</Filter>
    </ClInclude>
    <ClInclude Include="AssetManager.h">
      <Filter>AssetManager</Filter>
    </ClInclude>
  </ItemGroup>
  <ItemGroup>
    <ClCompile Include="Scene.cpp">
      <Filter>Scene</Filter>
    </ClCompile>
    <ClCompile Include="Game.cpp">
      <Filter>Core</Filter>
    </ClCompile>
    <ClCompile Include="Source.cpp">
      <Filter>Core</Filter>
    </ClCompile>
    <ClCompile Include="AssetManager.cpp">
      <Filter>AssetManager</Filter>
    </ClCompile>
  </ItemGroup>
</Project>